
Microsoft Visual Studio Solution File, Format Version 12.00
Project("{FAE04EC0-301F-11D3-BF4B-00C04F79EFBC}") = "HunterXSavageness", "HunterXSavageness.csproj", "{EFE085F3-7ED0-4F3E-A9EF-F7AC0B1EBEC3}"
EndProject
Global
	GlobalSection(SolutionConfigurationPlatforms) = preSolution
		Debug|Any CPU = Debug|Any CPU
		Release|Any CPU = Release|Any CPU
	EndGlobalSection
	GlobalSection(ProjectConfigurationPlatforms) = postSolution
		{EFE085F3-7ED0-4F3E-A9EF-F7AC0B1EBEC3}.Debug|Any CPU.ActiveCfg = Debug|Any CPU
		{EFE085F3-7ED0-4F3E-A9EF-F7AC0B1EBEC3}.Debug|Any CPU.Build.0 = Debug|Any CPU
		{EFE085F3-7ED0-4F3E-A9EF-F7AC0B1EBEC3}.Release|Any CPU.ActiveCfg = Release|Any CPU
		{EFE085F3-7ED0-4F3E-A9EF-F7AC0B1EBEC3}.Release|Any CPU.Build.0 = Release|Any CPU
	EndGlobalSection
EndGlobal
